
Microsoft Visual Studio Solution File, Format Version 12.00
# Visual Studio 15
VisualStudioVersion = 15.0.26730.16
MinimumVisualStudioVersion = 10.0.40219.1
Project("{9A19103F-16F7-4668-BE54-9A1E7A4F7556}") = "WebServer", "WebServer\WebServer.csproj", "{72911109-BEDB-43A3-9747-05BE33389BD1}"
EndProject
Project("{9A19103F-16F7-4668-BE54-9A1E7A4F7556}") = "SimpleMcv.Framework", "SimpleMcv.Framework\SimpleMcv.Framework.csproj", "{79EDB8F8-9C9A-4FDF-BAF6-8A83C9FECAE7}"
EndProject
Project("{9A19103F-16F7-4668-BE54-9A1E7A4F7556}") = "SimpleMvc.Data", "SimpleMvc.Data\SimpleMvc.Data.csproj", "{687DC6A9-20E7-45D6-A4B5-62BD5D978667}"
EndProject
Project("{9A19103F-16F7-4668-BE54-9A1E7A4F7556}") = "SimpleMvc.Domain", "SimpleMvc.Domain\SimpleMvc.Domain.csproj", "{3BBB1105-6353-4334-BD15-B9CB782EEE16}"
EndProject
Project("{9A19103F-16F7-4668-BE54-9A1E7A4F7556}") = "SimpleMvc.App", "SimpleMvc.App\SimpleMvc.App.csproj", "{A918F3FA-553A-41BE-A3A4-6A79B737ED5C}"
EndProject
Project("{FAE04EC0-301F-11D3-BF4B-00C04F79EFBC}") = "SimpleMvc.Gamestore", "SimpleMvc.Gamestore\SimpleMvc.Gamestore.csproj", "{1A21C693-6F83-48EC-A748-EE1A934B8B00}"
EndProject
Global
	GlobalSection(SolutionConfigurationPlatforms) = preSolution
		Debug|Any CPU = Debug|Any CPU
		Release|Any CPU = Release|Any CPU
	EndGlobalSection
	GlobalSection(ProjectConfigurationPlatforms) = postSolution
		{72911109-BEDB-43A3-9747-05BE33389BD1}.Debug|Any CPU.ActiveCfg = Debug|Any CPU
		{72911109-BEDB-43A3-9747-05BE33389BD1}.Debug|Any CPU.Build.0 = Debug|Any CPU
		{72911109-BEDB-43A3-9747-05BE33389BD1}.Release|Any CPU.ActiveCfg = Release|Any CPU
		{72911109-BEDB-43A3-9747-05BE33389BD1}.Release|Any CPU.Build.0 = Release|Any CPU
		{79EDB8F8-9C9A-4FDF-BAF6-8A83C9FECAE7}.Debug|Any CPU.ActiveCfg = Debug|Any CPU
		{79EDB8F8-9C9A-4FDF-BAF6-8A83C9FECAE7}.Debug|Any CPU.Build.0 = Debug|Any CPU
		{79EDB8F8-9C9A-4FDF-BAF6-8A83C9FECAE7}.Release|Any CPU.ActiveCfg = Release|Any CPU
		{79EDB8F8-9C9A-4FDF-BAF6-8A83C9FECAE7}.Release|Any CPU.Build.0 = Release|Any CPU
		{687DC6A9-20E7-45D6-A4B5-62BD5D978667}.Debug|Any CPU.ActiveCfg = Debug|Any CPU
		{687DC6A9-20E7-45D6-A4B5-62BD5D978667}.Debug|Any CPU.Build.0 = Debug|Any CPU
		{687DC6A9-20E7-45D6-A4B5-62BD5D978667}.Release|Any CPU.ActiveCfg = Release|Any CPU
		{687DC6A9-20E7-45D6-A4B5-62BD5D978667}.Release|Any CPU.Build.0 = Release|Any CPU
		{3BBB1105-6353-4334-BD15-B9CB782EEE16}.Debug|Any CPU.ActiveCfg = Debug|Any CPU
		{3BBB1105-6353-4334-BD15-B9CB782EEE16}.Debug|Any CPU.Build.0 = Debug|Any CPU
		{3BBB1105-6353-4334-BD15-B9CB782EEE16}.Release|Any CPU.ActiveCfg = Release|Any CPU
		{3BBB1105-6353-4334-BD15-B9CB782EEE16}.Release|Any CPU.Build.0 = Release|Any CPU
		{A918F3FA-553A-41BE-A3A4-6A79B737ED5C}.Debug|Any CPU.ActiveCfg = Debug|Any CPU
		{A918F3FA-553A-41BE-A3A4-6A79B737ED5C}.Debug|Any CPU.Build.0 = Debug|Any CPU
		{A918F3FA-553A-41BE-A3A4-6A79B737ED5C}.Release|Any CPU.ActiveCfg = Release|Any CPU
		{A918F3FA-553A-41BE-A3A4-6A79B737ED5C}.Release|Any CPU.Build.0 = Release|Any CPU
		{1A21C693-6F83-48EC-A748-EE1A934B8B00}.Debug|Any CPU.ActiveCfg = Debug|Any CPU
		{1A21C693-6F83-48EC-A748-EE1A934B8B00}.Debug|Any CPU.Build.0 = Debug|Any CPU
		{1A21C693-6F83-48EC-A748-EE1A934B8B00}.Release|Any CPU.ActiveCfg = Release|Any CPU
		{1A21C693-6F83-48EC-A748-EE1A934B8B00}.Release|Any CPU.Build.0 = Release|Any CPU
	EndGlobalSection
	GlobalSection(SolutionProperties) = preSolution
		HideSolutionNode = FALSE
	EndGlobalSection
	GlobalSection(ExtensibilityGlobals) = postSolution
		SolutionGuid = {3ABA898C-743A-4BCB-94FE-871C34896B4B}
	EndGlobalSection
EndGlobal
